
Microsoft Visual Studio Solution File, Format Version 12.00
# Visual Studio Version 17
VisualStudioVersion = 17.11.35327.3
MinimumVisualStudioVersion = 10.0.40219.1
Project("{FAE04EC0-301F-11D3-BF4B-00C04F79EFBC}") = "Разработка", "Разработка.csproj", "{7ED10AD9-9195-4BB8-92D6-FE98FC871A7F}"
EndProject
Global
	GlobalSection(SolutionConfigurationPlatforms) = preSolution
		Debug|Any CPU = Debug|Any CPU
		Release|Any CPU = Release|Any CPU
	EndGlobalSection
	GlobalSection(ProjectConfigurationPlatforms) = postSolution
		{7ED10AD9-9195-4BB8-92D6-FE98FC871A7F}.Debug|Any CPU.ActiveCfg = Debug|Any CPU
		{7ED10AD9-9195-4BB8-92D6-FE98FC871A7F}.Debug|Any CPU.Build.0 = Debug|Any CPU
		{7ED10AD9-9195-4BB8-92D6-FE98FC871A7F}.Release|Any CPU.ActiveCfg = Release|Any CPU
		{7ED10AD9-9195-4BB8-92D6-FE98FC871A7F}.Release|Any CPU.Build.0 = Release|Any CPU
	EndGlobalSection
	GlobalSection(SolutionProperties) = preSolution
		HideSolutionNode = FALSE
	EndGlobalSection
	GlobalSection(ExtensibilityGlobals) = postSolution
		SolutionGuid = {65491525-C1E1-4918-963E-EAF584D87A6F}
	EndGlobalSection
EndGlobal
